
Microsoft Visual Studio Solution File, Format Version 12.00
# Visual Studio 15
VisualStudioVersion = 15.0.28010.0
MinimumVisualStudioVersion = 10.0.40219.1
Project("{FAE04EC0-301F-11D3-BF4B-00C04F79EFBC}") = "exerc2,aula 3", "exerc2,aula 3\exerc2,aula 3.csproj", "{9BFD8BEE-7AE9-43C4-A464-4E62F45E61F7}"
EndProject
Global
	GlobalSection(SolutionConfigurationPlatforms) = preSolution
		Debug|Any CPU = Debug|Any CPU
		Release|Any CPU = Release|Any CPU
	EndGlobalSection
	GlobalSection(ProjectConfigurationPlatforms) = postSolution
		{9BFD8BEE-7AE9-43C4-A464-4E62F45E61F7}.Debug|Any CPU.ActiveCfg = Debug|Any CPU
		{9BFD8BEE-7AE9-43C4-A464-4E62F45E61F7}.Debug|Any CPU.Build.0 = Debug|Any CPU
		{9BFD8BEE-7AE9-43C4-A464-4E62F45E61F7}.Release|Any CPU.ActiveCfg = Release|Any CPU
		{9BFD8BEE-7AE9-43C4-A464-4E62F45E61F7}.Release|Any CPU.Build.0 = Release|Any CPU
	EndGlobalSection
	GlobalSection(SolutionProperties) = preSolution
		HideSolutionNode = FALSE
	EndGlobalSection
	GlobalSection(ExtensibilityGlobals) = postSolution
		SolutionGuid = {A7FD22FE-9FFB-456B-9173-34C79B494B90}
	EndGlobalSection
EndGlobal
