
Microsoft Visual Studio Solution File, Format Version 12.00
# Visual Studio 15
VisualStudioVersion = 15.0.28010.0
MinimumVisualStudioVersion = 10.0.40219.1
Project("{FAE04EC0-301F-11D3-BF4B-00C04F79EFBC}") = "exerc4,aula3", "exerc4,aula3\exerc4,aula3.csproj", "{14F6E71B-C233-443B-A7F2-DAE9266A4154}"
EndProject
Global
	GlobalSection(SolutionConfigurationPlatforms) = preSolution
		Debug|Any CPU = Debug|Any CPU
		Release|Any CPU = Release|Any CPU
	EndGlobalSection
	GlobalSection(ProjectConfigurationPlatforms) = postSolution
		{14F6E71B-C233-443B-A7F2-DAE9266A4154}.Debug|Any CPU.ActiveCfg = Debug|Any CPU
		{14F6E71B-C233-443B-A7F2-DAE9266A4154}.Debug|Any CPU.Build.0 = Debug|Any CPU
		{14F6E71B-C233-443B-A7F2-DAE9266A4154}.Release|Any CPU.ActiveCfg = Release|Any CPU
		{14F6E71B-C233-443B-A7F2-DAE9266A4154}.Release|Any CPU.Build.0 = Release|Any CPU
	EndGlobalSection
	GlobalSection(SolutionProperties) = preSolution
		HideSolutionNode = FALSE
	EndGlobalSection
	GlobalSection(ExtensibilityGlobals) = postSolution
		SolutionGuid = {129A5E31-15F7-43E0-B24F-F33075D157E5}
	EndGlobalSection
EndGlobal
